<?xml version="1.0" encoding="utf-8"?>
<Project ToolsVersion="4.0" xmlns="http://schemas.microsoft.com/developer/msbuild/2003">
  <ItemGroup>
    <Filter Include="Header Files">
      <UniqueIdentifier>{E65C63FE-5D85-4BB7-AE3D-979F8911AECD}</UniqueIdentifier>
      <Extensions>h;hpp;hxx;hm;inl;inc;xsd</Extensions>
    </Filter>
    <Filter Include="Source Files">
      <UniqueIdentifier>{67B724D2-C281-4938-BAD8-EE8B1AFF3317}</UniqueIdentifier>
      <Extensions>cpp;c;cc;cxx;def;odl;idl;hpj;bat;asm;asmx</Extensions>
    </Filter>
  </ItemGroup>
  <ItemGroup>
    <ClInclude Include="BMPUtils.h">
      <Filter>Header Files</Filter>
    </ClInclude>
    <ClInclude Include="BaseMenu.h">
      <Filter>Header Files</Filter>
    </ClInclude>
    <ClInclude Include="BtnsBMPTable.h">
      <Filter>Header Files</Filter>
    </ClInclude>
    <ClInclude Include="CFGScript.h">
      <Filter>Header Files</Filter>
    </ClInclude>
    <ClInclude Include="Color.h">
      <Filter>Header Files</Filter>
    </ClInclude>
    <ClInclude Include="Coord.h">
      <Filter>Header Files</Filter>
    </ClInclude>
    <ClInclude Include="EventSystem.h">
      <Filter>Header Files</Filter>
    </ClInclude>
    <ClInclude Include="Image.h">
      <Filter>Header Files</Filter>
    </ClInclude>
    <ClInclude Include="MenuStrings.h">
      <Filter>Header Files</Filter>
    </ClInclude>
    <ClInclude Include="Primitive.h">
      <Filter>Header Files</Filter>
    </ClInclude>
    <ClInclude Include="Scissor.h">
      <Filter>Header Files</Filter>
    </ClInclude>
    <ClInclude Include="Utils.h">
      <Filter>Header Files</Filter>
    </ClInclude>
    <ClInclude Include="WindowSystem.h">
      <Filter>Header Files</Filter>
    </ClInclude>
    <ClInclude Include="enginecallback_menu.h">
      <Filter>Header Files</Filter>
    </ClInclude>
    <ClInclude Include="extdll_menu.h">
      <Filter>Header Files</Filter>
    </ClInclude>
    <ClInclude Include="menufont.h">
      <Filter>Header Files</Filter>
    </ClInclude>
    <ClInclude Include="unicode_strtools.h">
      <Filter>Header Files</Filter>
    </ClInclude>
    <ClInclude Include="miniutl\bitstring.h">
      <Filter>Header Files</Filter>
    </ClInclude>
    <ClInclude Include="miniutl\fmtstr.h">
      <Filter>Header Files</Filter>
    </ClInclude>
    <ClInclude Include="miniutl\generichash.h">
      <Filter>Header Files</Filter>
    </ClInclude>
    <ClInclude Include="miniutl\ipv6text.h">
      <Filter>Header Files</Filter>
    </ClInclude>
    <ClInclude Include="miniutl\minbase_endian.h">
      <Filter>Header Files</Filter>
    </ClInclude>
    <ClInclude Include="miniutl\miniutl.h">
      <Filter>Header Files</Filter>
    </ClInclude>
    <ClInclude Include="miniutl\strtools.h">
      <Filter>Header Files</Filter>
    </ClInclude>
    <ClInclude Include="miniutl\utlbuffer.h">
      <Filter>Header Files</Filter>
    </ClInclude>
    <ClInclude Include="miniutl\utlhashmap.h">
      <Filter>Header Files</Filter>
    </ClInclude>
    <ClInclude Include="miniutl\utllinkedlist.h">
      <Filter>Header Files</Filter>
    </ClInclude>
    <ClInclude Include="miniutl\utlmap.h">
      <Filter>Header Files</Filter>
    </ClInclude>
    <ClInclude Include="miniutl\utlmemory.h">
      <Filter>Header Files</Filter>
    </ClInclude>
    <ClInclude Include="miniutl\utlpriorityqueue.h">
      <Filter>Header Files</Filter>
    </ClInclude>
    <ClInclude Include="miniutl\utlrbtree.h">
      <Filter>Header Files</Filter>
    </ClInclude>
    <ClInclude Include="miniutl\utlstring.h">
      <Filter>Header Files</Filter>
    </ClInclude>
    <ClInclude Include="miniutl\utlvector.h">
      <Filter>Header Files</Filter>
    </ClInclude>
    <ClInclude Include="miniutl\winlite.h">
      <Filter>Header Files</Filter>
    </ClInclude>
    <ClInclude Include="font\BaseFontBackend.h">
      <Filter>Header Files</Filter>
    </ClInclude>
    <ClInclude Include="font\BitmapFont.h">
      <Filter>Header Files</Filter>
    </ClInclude>
    <ClInclude Include="font\FontManager.h">
      <Filter>Header Files</Filter>
    </ClInclude>
    <ClInclude Include="font\FontRenderer.h">
      <Filter>Header Files</Filter>
    </ClInclude>
    <ClInclude Include="font\FreeTypeFont.h">
      <Filter>Header Files</Filter>
    </ClInclude>
    <ClInclude Include="font\StbFont.h">
      <Filter>Header Files</Filter>
    </ClInclude>
    <ClInclude Include="font\WinAPIFont.h">
      <Filter>Header Files</Filter>
    </ClInclude>
    <ClInclude Include="font\stb_truetype.h">
      <Filter>Header Files</Filter>
    </ClInclude>
    <ClInclude Include="controls\Action.h">
      <Filter>Header Files</Filter>
    </ClInclude>
    <ClInclude Include="controls\BackgroundBitmap.h">
      <Filter>Header Files</Filter>
    </ClInclude>
    <ClInclude Include="controls\BaseClientWindow.h">
      <Filter>Header Files</Filter>
    </ClInclude>
    <ClInclude Include="controls\BaseItem.h">
      <Filter>Header Files</Filter>
    </ClInclude>
    <ClInclude Include="controls\BaseWindow.h">
      <Filter>Header Files</Filter>
    </ClInclude>
    <ClInclude Include="controls\Bitmap.h">
      <Filter>Header Files</Filter>
    </ClInclude>
    <ClInclude Include="controls\CheckBox.h">
      <Filter>Header Files</Filter>
    </ClInclude>
    <ClInclude Include="controls\Editable.h">
      <Filter>Header Files</Filter>
    </ClInclude>
    <ClInclude Include="controls\Field.h">
      <Filter>Header Files</Filter>
    </ClInclude>
    <ClInclude Include="controls\Framework.h">
      <Filter>Header Files</Filter>
    </ClInclude>
    <ClInclude Include="controls\ItemsHolder.h">
      <Filter>Header Files</Filter>
    </ClInclude>
    <ClInclude Include="controls\MessageBox.h">
      <Filter>Header Files</Filter>
    </ClInclude>
    <ClInclude Include="controls\PicButton.h">
      <Filter>Header Files</Filter>
    </ClInclude>
    <ClInclude Include="controls\PlayerModelView.h">
      <Filter>Header Files</Filter>
    </ClInclude>
    <ClInclude Include="controls\ProgressBar.h">
      <Filter>Header Files</Filter>
    </ClInclude>
    <ClInclude Include="controls\ScrollView.h">
      <Filter>Header Files</Filter>
    </ClInclude>
    <ClInclude Include="controls\Slider.h">
      <Filter>Header Files</Filter>
    </ClInclude>
    <ClInclude Include="controls\SpinControl.h">
      <Filter>Header Files</Filter>
    </ClInclude>
    <ClInclude Include="controls\Switch.h">
      <Filter>Header Files</Filter>
    </ClInclude>
    <ClInclude Include="controls\TabView.h">
      <Filter>Header Files</Filter>
    </ClInclude>
    <ClInclude Include="controls\Table.h">
      <Filter>Header Files</Filter>
    </ClInclude>
    <ClInclude Include="controls\YesNoMessageBox.h">
      <Filter>Header Files</Filter>
    </ClInclude>
    <ClInclude Include="menus\PlayerIntroduceDialog.h">
      <Filter>Header Files</Filter>
    </ClInclude>
    <ClInclude Include="model\BaseArrayModel.h">
      <Filter>Header Files</Filter>
    </ClInclude>
    <ClInclude Include="model\BaseModel.h">
      <Filter>Header Files</Filter>
    </ClInclude>
    <ClInclude Include="model\StringArrayModel.h">
      <Filter>Header Files</Filter>
    </ClInclude>
    <ClInclude Include="model\StringVectorModel.h">
      <Filter>Header Files</Filter>
    </ClInclude>
    <ClInclude Include="..\..\public\build.h">
      <Filter>Header Files</Filter>
    </ClInclude>
    <ClInclude Include="..\..\public\crclib.h">
      <Filter>Header Files</Filter>
    </ClInclude>
    <ClInclude Include="..\..\public\crtlib.h">
      <Filter>Header Files</Filter>
    </ClInclude>
    <ClInclude Include="..\..\public\miniz.h">
      <Filter>Header Files</Filter>
    </ClInclude>
    <ClInclude Include="..\..\public\pstdint.h">
      <Filter>Header Files</Filter>
    </ClInclude>
    <ClInclude Include="..\..\public\xash3d_mathlib.h">
      <Filter>Header Files</Filter>
    </ClInclude>
    <ClInclude Include="..\..\common\backends.h">
      <Filter>Header Files</Filter>
    </ClInclude>
    <ClInclude Include="..\..\common\beamdef.h">
      <Filter>Header Files</Filter>
    </ClInclude>
    <ClInclude Include="..\..\common\boneinfo.h">
      <Filter>Header Files</Filter>
    </ClInclude>
    <ClInclude Include="..\..\common\bspfile.h">
      <Filter>Header Files</Filter>
    </ClInclude>
    <ClInclude Include="..\..\common\cl_entity.h">
      <Filter>Header Files</Filter>
    </ClInclude>
    <ClInclude Include="..\..\common\com_image.h">
      <Filter>Header Files</Filter>
    </ClInclude>
    <ClInclude Include="..\..\common\com_model.h">
      <Filter>Header Files</Filter>
    </ClInclude>
    <ClInclude Include="..\..\common\con_nprint.h">
      <Filter>Header Files</Filter>
    </ClInclude>
    <ClInclude Include="..\..\common\const.h">
      <Filter>Header Files</Filter>
    </ClInclude>
    <ClInclude Include="..\..\common\cvardef.h">
      <Filter>Header Files</Filter>
    </ClInclude>
    <ClInclude Include="..\..\common\defaults.h">
      <Filter>Header Files</Filter>
    </ClInclude>
    <ClInclude Include="..\..\common\demo_api.h">
      <Filter>Header Files</Filter>
    </ClInclude>
    <ClInclude Include="..\..\common\dlight.h">
      <Filter>Header Files</Filter>
    </ClInclude>
    <ClInclude Include="..\..\common\enginefeatures.h">
      <Filter>Header Files</Filter>
    </ClInclude>
    <ClInclude Include="..\..\common\entity_state.h">
      <Filter>Header Files</Filter>
    </ClInclude>
    <ClInclude Include="..\..\common\entity_types.h">
      <Filter>Header Files</Filter>
    </ClInclude>
    <ClInclude Include="..\..\common\event_api.h">
      <Filter>Header Files</Filter>
    </ClInclude>
    <ClInclude Include="..\..\common\event_args.h">
      <Filter>Header Files</Filter>
    </ClInclude>
    <ClInclude Include="..\..\common\event_flags.h">
      <Filter>Header Files</Filter>
    </ClInclude>
    <ClInclude Include="..\..\common\gameinfo.h">
      <Filter>Header Files</Filter>
    </ClInclude>
    <ClInclude Include="..\..\common\hltv.h">
      <Filter>Header Files</Filter>
    </ClInclude>
    <ClInclude Include="..\..\common\ivoicetweak.h">
      <Filter>Header Files</Filter>
    </ClInclude>
    <ClInclude Include="..\..\common\kbutton.h">
      <Filter>Header Files</Filter>
    </ClInclude>
    <ClInclude Include="..\..\common\lightstyle.h">
      <Filter>Header Files</Filter>
    </ClInclude>
    <ClInclude Include="..\..\common\mathlib.h">
      <Filter>Header Files</Filter>
    </ClInclude>
    <ClInclude Include="..\..\common\net_api.h">
      <Filter>Header Files</Filter>
    </ClInclude>
    <ClInclude Include="..\..\common\netadr.h">
      <Filter>Header Files</Filter>
    </ClInclude>
    <ClInclude Include="..\..\common\particledef.h">
      <Filter>Header Files</Filter>
    </ClInclude>
    <ClInclude Include="..\..\common\pmtrace.h">
      <Filter>Header Files</Filter>
    </ClInclude>
    <ClInclude Include="..\..\common\port.h">
      <Filter>Header Files</Filter>
    </ClInclude>
    <ClInclude Include="..\..\common\qfont.h">
      <Filter>Header Files</Filter>
    </ClInclude>
    <ClInclude Include="..\..\common\r_efx.h">
      <Filter>Header Files</Filter>
    </ClInclude>
    <ClInclude Include="..\..\common\r_studioint.h">
      <Filter>Header Files</Filter>
    </ClInclude>
    <ClInclude Include="..\..\common\ref_params.h">
      <Filter>Header Files</Filter>
    </ClInclude>
    <ClInclude Include="..\..\common\render_api.h">
      <Filter>Header Files</Filter>
    </ClInclude>
    <ClInclude Include="..\..\common\screenfade.h">
      <Filter>Header Files</Filter>
    </ClInclude>
    <ClInclude Include="..\..\common\studio_event.h">
      <Filter>Header Files</Filter>
    </ClInclude>
    <ClInclude Include="..\..\common\triangleapi.h">
      <Filter>Header Files</Filter>
    </ClInclude>
    <ClInclude Include="..\..\common\usercmd.h">
      <Filter>Header Files</Filter>
    </ClInclude>
    <ClInclude Include="..\..\common\wadfile.h">
      <Filter>Header Files</Filter>
    </ClInclude>
    <ClInclude Include="..\..\common\weaponinfo.h">
      <Filter>Header Files</Filter>
    </ClInclude>
    <ClInclude Include="..\..\common\wrect.h">
      <Filter>Header Files</Filter>
    </ClInclude>
    <ClInclude Include="..\..\common\xash3d_types.h">
      <Filter>Header Files</Filter>
    </ClInclude>
    <ClInclude Include="..\..\pm_shared\pm_defs.h">
      <Filter>Header Files</Filter>
    </ClInclude>
    <ClInclude Include="..\..\pm_shared\pm_info.h">
      <Filter>Header Files</Filter>
    </ClInclude>
    <ClInclude Include="..\..\pm_shared\pm_movevars.h">
      <Filter>Header Files</Filter>
    </ClInclude>
    <ClInclude Include="..\..\engine\alias.h">
      <Filter>Header Files</Filter>
    </ClInclude>
    <ClInclude Include="..\..\engine\anorms.h">
      <Filter>Header Files</Filter>
    </ClInclude>
    <ClInclude Include="..\..\engine\cdll_exp.h">
      <Filter>Header Files</Filter>
    </ClInclude>
    <ClInclude Include="..\..\engine\cdll_int.h">
      <Filter>Header Files</Filter>
    </ClInclude>
    <ClInclude Include="..\..\engine\cursor_type.h">
      <Filter>Header Files</Filter>
    </ClInclude>
    <ClInclude Include="..\..\engine\custom.h">
      <Filter>Header Files</Filter>
    </ClInclude>
    <ClInclude Include="..\..\engine\customentity.h">
      <Filter>Header Files</Filter>
    </ClInclude>
    <ClInclude Include="..\..\engine\edict.h">
      <Filter>Header Files</Filter>
    </ClInclude>
    <ClInclude Include="..\..\engine\eiface.h">
      <Filter>Header Files</Filter>
    </ClInclude>
    <ClInclude Include="..\..\engine\key_modifiers.h">
      <Filter>Header Files</Filter>
    </ClInclude>
    <ClInclude Include="..\..\engine\keydefs.h">
      <Filter>Header Files</Filter>
    </ClInclude>
    <ClInclude Include="..\..\engine\menu_int.h">
      <Filter>Header Files</Filter>
    </ClInclude>
    <ClInclude Include="..\..\engine\mobility_int.h">
      <Filter>Header Files</Filter>
    </ClInclude>
    <ClInclude Include="..\..\engine\physint.h">
      <Filter>Header Files</Filter>
    </ClInclude>
    <ClInclude Include="..\..\engine\progdefs.h">
      <Filter>Header Files</Filter>
    </ClInclude>
    <ClInclude Include="..\..\engine\ref_api.h">
      <Filter>Header Files</Filter>
    </ClInclude>
    <ClInclude Include="..\..\engine\sequence.h">
      <Filter>Header Files</Filter>
    </ClInclude>
    <ClInclude Include="..\..\engine\shake.h">
      <Filter>Header Files</Filter>
    </ClInclude>
    <ClInclude Include="..\..\engine\sprite.h">
      <Filter>Header Files</Filter>
    </ClInclude>
    <ClInclude Include="..\..\engine\studio.h">
      <Filter>Header Files</Filter>
    </ClInclude>
    <ClInclude Include="..\..\engine\vgui_api.h">
      <Filter>Header Files</Filter>
    </ClInclude>
    <ClInclude Include="..\..\engine\warpsin.h">
      <Filter>Header Files</Filter>
    </ClInclude>
  </ItemGroup>
  <ItemGroup>
    <ClCompile Include="BaseMenu.cpp">
      <Filter>Source Files</Filter>
    </ClCompile>
    <ClCompile Include="Btns.cpp">
      <Filter>Source Files</Filter>
    </ClCompile>
    <ClCompile Include="CFGScript.cpp">
      <Filter>Source Files</Filter>
    </ClCompile>
    <ClCompile Include="EngineCallback.cpp">
      <Filter>Source Files</Filter>
    </ClCompile>
    <ClCompile Include="EventSystem.cpp">
      <Filter>Source Files</Filter>
    </ClCompile>
    <ClCompile Include="MenuStrings.cpp">
      <Filter>Source Files</Filter>
    </ClCompile>
    <ClCompile Include="Scissor.cpp">
      <Filter>Source Files</Filter>
    </ClCompile>
    <ClCompile Include="Utils.cpp">
      <Filter>Source Files</Filter>
    </ClCompile>
    <ClCompile Include="WindowSystem.cpp">
      <Filter>Source Files</Filter>
    </ClCompile>
    <ClCompile Include="controls\Action.cpp">
      <Filter>Source Files</Filter>
    </ClCompile>
    <ClCompile Include="controls\BackgroundBitmap.cpp">
      <Filter>Source Files</Filter>
    </ClCompile>
    <ClCompile Include="controls\BaseClientWindow.cpp">
      <Filter>Source Files</Filter>
    </ClCompile>
    <ClCompile Include="controls\BaseItem.cpp">
      <Filter>Source Files</Filter>
    </ClCompile>
    <ClCompile Include="controls\BaseWindow.cpp">
      <Filter>Source Files</Filter>
    </ClCompile>
    <ClCompile Include="controls\Bitmap.cpp">
      <Filter>Source Files</Filter>
    </ClCompile>
    <ClCompile Include="controls\CheckBox.cpp">
      <Filter>Source Files</Filter>
    </ClCompile>
    <ClCompile Include="controls\Editable.cpp">
      <Filter>Source Files</Filter>
    </ClCompile>
    <ClCompile Include="controls\Field.cpp">
      <Filter>Source Files</Filter>
    </ClCompile>
    <ClCompile Include="controls\Framework.cpp">
      <Filter>Source Files</Filter>
    </ClCompile>
    <ClCompile Include="controls\ItemsHolder.cpp">
      <Filter>Source Files</Filter>
    </ClCompile>
    <ClCompile Include="controls\MessageBox.cpp">
      <Filter>Source Files</Filter>
    </ClCompile>
    <ClCompile Include="controls\PicButton.cpp">
      <Filter>Source Files</Filter>
    </ClCompile>
    <ClCompile Include="controls\PlayerModelView.cpp">
      <Filter>Source Files</Filter>
    </ClCompile>
    <ClCompile Include="controls\ProgressBar.cpp">
      <Filter>Source Files</Filter>
    </ClCompile>
    <ClCompile Include="controls\ScrollView.cpp">
      <Filter>Source Files</Filter>
    </ClCompile>
    <ClCompile Include="controls\Slider.cpp">
      <Filter>Source Files</Filter>
    </ClCompile>
    <ClCompile Include="controls\SpinControl.cpp">
      <Filter>Source Files</Filter>
    </ClCompile>
    <ClCompile Include="controls\Switch.cpp">
      <Filter>Source Files</Filter>
    </ClCompile>
    <ClCompile Include="controls\TabView.cpp">
      <Filter>Source Files</Filter>
    </ClCompile>
    <ClCompile Include="controls\Table.cpp">
      <Filter>Source Files</Filter>
    </ClCompile>
    <ClCompile Include="controls\YesNoMessageBox.cpp">
      <Filter>Source Files</Filter>
    </ClCompile>
    <ClCompile Include="font\BaseFontBackend.cpp">
      <Filter>Source Files</Filter>
    </ClCompile>
    <ClCompile Include="font\BitmapFont.cpp">
      <Filter>Source Files</Filter>
    </ClCompile>
    <ClCompile Include="font\FontManager.cpp">
      <Filter>Source Files</Filter>
    </ClCompile>
    <ClCompile Include="font\FreeTypeFont.cpp">
      <Filter>Source Files</Filter>
    </ClCompile>
    <ClCompile Include="font\StbFont.cpp">
      <Filter>Source Files</Filter>
    </ClCompile>
    <ClCompile Include="font\WinAPIFont.cpp">
      <Filter>Source Files</Filter>
    </ClCompile>
    <ClCompile Include="menus\AdvancedControls.cpp">
      <Filter>Source Files</Filter>
    </ClCompile>
    <ClCompile Include="menus\Audio.cpp">
      <Filter>Source Files</Filter>
    </ClCompile>
    <ClCompile Include="menus\Configuration.cpp">
      <Filter>Source Files</Filter>
    </ClCompile>
    <ClCompile Include="menus\ConnectionProgress.cpp">
      <Filter>Source Files</Filter>
    </ClCompile>
    <ClCompile Include="menus\ConnectionWarning.cpp">
      <Filter>Source Files</Filter>
    </ClCompile>
    <ClCompile Include="menus\Controls.cpp">
      <Filter>Source Files</Filter>
    </ClCompile>
    <ClCompile Include="menus\CreateGame.cpp">
      <Filter>Source Files</Filter>
    </ClCompile>
    <ClCompile Include="menus\Credits.cpp">
      <Filter>Source Files</Filter>
    </ClCompile>
    <ClCompile Include="menus\CustomGame.cpp">
      <Filter>Source Files</Filter>
    </ClCompile>
    <ClCompile Include="menus\FileDialog.cpp">
      <Filter>Source Files</Filter>
    </ClCompile>
    <ClCompile Include="menus\GameOptions.cpp">
      <Filter>Source Files</Filter>
    </ClCompile>
    <ClCompile Include="menus\Gamepad.cpp">
      <Filter>Source Files</Filter>
    </ClCompile>
    <ClCompile Include="menus\InputDevices.cpp">
      <Filter>Source Files</Filter>
    </ClCompile>
    <ClCompile Include="menus\LoadGame.cpp">
      <Filter>Source Files</Filter>
    </ClCompile>
    <ClCompile Include="menus\Main.cpp">
      <Filter>Source Files</Filter>
    </ClCompile>
    <ClCompile Include="menus\Multiplayer.cpp">
      <Filter>Source Files</Filter>
    </ClCompile>
    <ClCompile Include="menus\NewGame.cpp">
      <Filter>Source Files</Filter>
    </ClCompile>
    <ClCompile Include="menus\PlayerIntroduceDialog.cpp">
      <Filter>Source Files</Filter>
    </ClCompile>
    <ClCompile Include="menus\PlayerSetup.cpp">
      <Filter>Source Files</Filter>
    </ClCompile>
    <ClCompile Include="menus\SaveLoad.cpp">
      <Filter>Source Files</Filter>
    </ClCompile>
    <ClCompile Include="menus\ServerBrowser.cpp">
      <Filter>Source Files</Filter>
    </ClCompile>
    <ClCompile Include="menus\Touch.cpp">
      <Filter>Source Files</Filter>
    </ClCompile>
    <ClCompile Include="menus\TouchButtons.cpp">
      <Filter>Source Files</Filter>
    </ClCompile>
    <ClCompile Include="menus\TouchEdit.cpp">
      <Filter>Source Files</Filter>
    </ClCompile>
    <ClCompile Include="menus\TouchOptions.cpp">
      <Filter>Source Files</Filter>
    </ClCompile>
    <ClCompile Include="menus\Video.cpp">
      <Filter>Source Files</Filter>
    </ClCompile>
    <ClCompile Include="menus\VideoModes.cpp">
      <Filter>Source Files</Filter>
    </ClCompile>
    <ClCompile Include="menus\VideoOptions.cpp">
      <Filter>Source Files</Filter>
    </ClCompile>
    <ClCompile Include="menus\Zoo.cpp">
      <Filter>Source Files</Filter>
    </ClCompile>
    <ClCompile Include="menus\dynamic\ScriptMenu.cpp">
      <Filter>Source Files</Filter>
    </ClCompile>
    <ClCompile Include="miniutl\bitstring.cpp">
      <Filter>Source Files</Filter>
    </ClCompile>
    <ClCompile Include="miniutl\generichash.cpp">
      <Filter>Source Files</Filter>
    </ClCompile>
    <ClCompile Include="miniutl\strtools.cpp">
      <Filter>Source Files</Filter>
    </ClCompile>
    <ClCompile Include="miniutl\utlbuffer.cpp">
      <Filter>Source Files</Filter>
    </ClCompile>
    <ClCompile Include="miniutl\utlmemory.cpp">
      <Filter>Source Files</Filter>
    </ClCompile>
    <ClCompile Include="miniutl\utlstring.cpp">
      <Filter>Source Files</Filter>
    </ClCompile>
    <ClCompile Include="udll_int.cpp">
      <Filter>Source Files</Filter>
    </ClCompile>
    <ClCompile Include="unicode_strtools.cpp">
      <Filter>Source Files</Filter>
    </ClCompile>
  </ItemGroup>
</Project>